
Microsoft Visual Studio Solution File, Format Version 12.00
# Visual Studio Version 17
VisualStudioVersion = 17.11.35327.3
MinimumVisualStudioVersion = 10.0.40219.1
Project("{FAE04EC0-301F-11D3-BF4B-00C04F79EFBC}") = "Vietpro_Shop", "Vietpro_Shop\Vietpro_Shop.csproj", "{9F703AD6-9BC1-4DD7-88BC-37396157EE79}"
EndProject
Global
	GlobalSection(SolutionConfigurationPlatforms) = preSolution
		Debug|Any CPU = Debug|Any CPU
		Release|Any CPU = Release|Any CPU
	EndGlobalSection
	GlobalSection(ProjectConfigurationPlatforms) = postSolution
		{9F703AD6-9BC1-4DD7-88BC-37396157EE79}.Debug|Any CPU.ActiveCfg = Debug|Any CPU
		{9F703AD6-9BC1-4DD7-88BC-37396157EE79}.Debug|Any CPU.Build.0 = Debug|Any CPU
		{9F703AD6-9BC1-4DD7-88BC-37396157EE79}.Release|Any CPU.ActiveCfg = Release|Any CPU
		{9F703AD6-9BC1-4DD7-88BC-37396157EE79}.Release|Any CPU.Build.0 = Release|Any CPU
	EndGlobalSection
	GlobalSection(SolutionProperties) = preSolution
		HideSolutionNode = FALSE
	EndGlobalSection
	GlobalSection(ExtensibilityGlobals) = postSolution
		SolutionGuid = {7CE745EC-87DC-431D-A30E-72915E5CF418}
	EndGlobalSection
EndGlobal
